
Microsoft Visual Studio Solution File, Format Version 12.00
# Visual Studio Version 17
VisualStudioVersion = 17.4.33110.190
MinimumVisualStudioVersion = 10.0.40219.1
Project("{FAE04EC0-301F-11D3-BF4B-00C04F79EFBC}") = "CodeBaseSpelunker.UnitTests", "tests\CodeBaseSpelunker.UnitTests\CodeBaseSpelunker.UnitTests.csproj", "{90BF217A-8075-448A-BA78-EBE5C37FDEA3}"
EndProject
Project("{FAE04EC0-301F-11D3-BF4B-00C04F79EFBC}") = "CodeBaseSpelunker", "src\CodeBaseSpelunker\CodeBaseSpelunker.csproj", "{06926536-B90B-4078-A882-FD124EE6D7B8}"
EndProject
Global
	GlobalSection(SolutionConfigurationPlatforms) = preSolution
		Debug|Any CPU = Debug|Any CPU
		Release|Any CPU = Release|Any CPU
	EndGlobalSection
	GlobalSection(ProjectConfigurationPlatforms) = postSolution
		{90BF217A-8075-448A-BA78-EBE5C37FDEA3}.Debug|Any CPU.ActiveCfg = Debug|Any CPU
		{90BF217A-8075-448A-BA78-EBE5C37FDEA3}.Debug|Any CPU.Build.0 = Debug|Any CPU
		{90BF217A-8075-448A-BA78-EBE5C37FDEA3}.Release|Any CPU.ActiveCfg = Release|Any CPU
		{90BF217A-8075-448A-BA78-EBE5C37FDEA3}.Release|Any CPU.Build.0 = Release|Any CPU
		{06926536-B90B-4078-A882-FD124EE6D7B8}.Debug|Any CPU.ActiveCfg = Debug|Any CPU
		{06926536-B90B-4078-A882-FD124EE6D7B8}.Debug|Any CPU.Build.0 = Debug|Any CPU
		{06926536-B90B-4078-A882-FD124EE6D7B8}.Release|Any CPU.ActiveCfg = Release|Any CPU
		{06926536-B90B-4078-A882-FD124EE6D7B8}.Release|Any CPU.Build.0 = Release|Any CPU
	EndGlobalSection
	GlobalSection(SolutionProperties) = preSolution
		HideSolutionNode = FALSE
	EndGlobalSection
	GlobalSection(ExtensibilityGlobals) = postSolution
		SolutionGuid = {D4D24128-4367-4247-98D4-F26EF8BC33AC}
	EndGlobalSection
EndGlobal
